// !$*UTF8*$!
{
	archiveVersion = 1;
	classes = {
	};
	objectVersion = 46;
	objects = {

/* Begin PBXBuildFile section */
		A5012534156B3BF3003E0283 /* CameraTargetView.m in Sources */ = {isa = PBXBuildFile; fileRef = A5012533156B3BF3003E0283 /* CameraTargetView.m */; };
		A524E9001564B8F50082E8F5 /* test.png in Resources */ = {isa = PBXBuildFile; fileRef = A524E8FF1564B8F40082E8F5 /* test.png */; };
		A56A6FF2156B77C7004688A8 /* test2.png in Resources */ = {isa = PBXBuildFile; fileRef = A56A6FF1156B77C7004688A8 /* test2.png */; };
		A56A6FF4156B81E6004688A8 /* AlphaTestShader.glsl in Resources */ = {isa = PBXBuildFile; fileRef = A56A6FF3156B81E6004688A8 /* AlphaTestShader.glsl */; };
		A5BAB8CD156F3CC800A2ED1D /* test3.png in Resources */ = {isa = PBXBuildFile; fileRef = A5BAB8CC156F3CC800A2ED1D /* test3.png */; };
		A5E20D58156627A200D03E63 /* JPFilteredCameraView.m in Sources */ = {isa = PBXBuildFile; fileRef = A5E20D57156627A200D03E63 /* JPFilteredCameraView.m */; };
		A5E7E83C156A17D900B17D3E /* DefaultFragmentShader.glsl in Resources */ = {isa = PBXBuildFile; fileRef = A5E7E834156A17D900B17D3E /* DefaultFragmentShader.glsl */; };
		A5E7E83D156A17D900B17D3E /* DefaultVertexShader.glsl in Resources */ = {isa = PBXBuildFile; fileRef = A5E7E835156A17D900B17D3E /* DefaultVertexShader.glsl */; };
		A5E7E83E156A17D900B17D3E /* DiscretizeShader.glsl in Resources */ = {isa = PBXBuildFile; fileRef = A5E7E836156A17D900B17D3E /* DiscretizeShader.glsl */; };
		A5E7E83F156A17D900B17D3E /* HGaussianBlur.glsl in Resources */ = {isa = PBXBuildFile; fileRef = A5E7E837156A17D900B17D3E /* HGaussianBlur.glsl */; };
		A5E7E840156A17D900B17D3E /* LuminanceFragmentShader.glsl in Resources */ = {isa = PBXBuildFile; fileRef = A5E7E838156A17D900B17D3E /* LuminanceFragmentShader.glsl */; };
		A5E7E841156A17D900B17D3E /* PixelateShader.glsl in Resources */ = {isa = PBXBuildFile; fileRef = A5E7E839156A17D900B17D3E /* PixelateShader.glsl */; };
		A5E7E842156A17D900B17D3E /* SuckShader.glsl in Resources */ = {isa = PBXBuildFile; fileRef = A5E7E83A156A17D900B17D3E /* SuckShader.glsl */; };
		A5E7E843156A17D900B17D3E /* VGaussianBlur.glsl in Resources */ = {isa = PBXBuildFile; fileRef = A5E7E83B156A17D900B17D3E /* VGaussianBlur.glsl */; };
		A5E7E845156A474000B17D3E /* MosacShader.glsl in Resources */ = {isa = PBXBuildFile; fileRef = A5E7E844156A474000B17D3E /* MosacShader.glsl */; };
		A5E7E847156A4BDA00B17D3E /* CSEEmBossShader.glsl in Resources */ = {isa = PBXBuildFile; fileRef = A5E7E846156A4BDA00B17D3E /* CSEEmBossShader.glsl */; };
		A5E7E849156A547900B17D3E /* PancelShader.glsl in Resources */ = {isa = PBXBuildFile; fileRef = A5E7E848156A547900B17D3E /* PancelShader.glsl */; };
		A5F5D462156B67290097E650 /* MultiTextureShader.glsl in Resources */ = {isa = PBXBuildFile; fileRef = A5F5D461156B67290097E650 /* MultiTextureShader.glsl */; };
		A5F60C73156DD4CA00393FC2 /* ParticleSystem.m in Sources */ = {isa = PBXBuildFile; fileRef = A5F60C72156DD4CA00393FC2 /* ParticleSystem.m */; };
		A5F60C77156DD4F400393FC2 /* Particle.m in Sources */ = {isa = PBXBuildFile; fileRef = A5F60C76156DD4F400393FC2 /* Particle.m */; };
		A5F60CAD156DE30200393FC2 /* TestShader.glsl in Resources */ = {isa = PBXBuildFile; fileRef = A5F60CAC156DE30200393FC2 /* TestShader.glsl */; };
		A5F60CC5156DFDA900393FC2 /* TortuosityShader.glsl in Resources */ = {isa = PBXBuildFile; fileRef = A5F60CC4156DFDA900393FC2 /* TortuosityShader.glsl */; };
		A5F60CC7156DFED300393FC2 /* Sepia_toneShader.glsl in Resources */ = {isa = PBXBuildFile; fileRef = A5F60CC6156DFED300393FC2 /* Sepia_toneShader.glsl */; };
		A5F60CC9156DFEF900393FC2 /* ShowcaseShader.glsl in Resources */ = {isa = PBXBuildFile; fileRef = A5F60CC8156DFEF900393FC2 /* ShowcaseShader.glsl */; };
		A5F9F2941560D13A00208A65 /* UIKit.framework in Frameworks */ = {isa = PBXBuildFile; fileRef = A5F9F2931560D13A00208A65 /* UIKit.framework */; };
		A5F9F2961560D13A00208A65 /* Foundation.framework in Frameworks */ = {isa = PBXBuildFile; fileRef = A5F9F2951560D13A00208A65 /* Foundation.framework */; };
		A5F9F2981560D13A00208A65 /* CoreGraphics.framework in Frameworks */ = {isa = PBXBuildFile; fileRef = A5F9F2971560D13A00208A65 /* CoreGraphics.framework */; };
		A5F9F29E1560D13A00208A65 /* InfoPlist.strings in Resources */ = {isa = PBXBuildFile; fileRef = A5F9F29C1560D13A00208A65 /* InfoPlist.strings */; };
		A5F9F2A01560D13A00208A65 /* main.m in Sources */ = {isa = PBXBuildFile; fileRef = A5F9F29F1560D13A00208A65 /* main.m */; };
		A5F9F2A41560D13A00208A65 /* AppDelegate.m in Sources */ = {isa = PBXBuildFile; fileRef = A5F9F2A31560D13A00208A65 /* AppDelegate.m */; };
		A5F9F2A71560D13A00208A65 /* ViewController.m in Sources */ = {isa = PBXBuildFile; fileRef = A5F9F2A61560D13A00208A65 /* ViewController.m */; };
		A5F9F2AA1560D13A00208A65 /* ViewController.xib in Resources */ = {isa = PBXBuildFile; fileRef = A5F9F2A81560D13A00208A65 /* ViewController.xib */; };
		A5F9F2B31560D19E00208A65 /* JPFilteredView.m in Sources */ = {isa = PBXBuildFile; fileRef = A5F9F2B21560D19E00208A65 /* JPFilteredView.m */; };
		A5F9F2B61560D1D900208A65 /* GLKit.framework in Frameworks */ = {isa = PBXBuildFile; fileRef = A5F9F2B41560D1D900208A65 /* GLKit.framework */; };
		A5F9F2B71560D1D900208A65 /* OpenGLES.framework in Frameworks */ = {isa = PBXBuildFile; fileRef = A5F9F2B51560D1D900208A65 /* OpenGLES.framework */; };
		A5F9F2B91560D1E100208A65 /* CoreMedia.framework in Frameworks */ = {isa = PBXBuildFile; fileRef = A5F9F2B81560D1E100208A65 /* CoreMedia.framework */; };
		A5F9F2BB1560D1EA00208A65 /* CoreVideo.framework in Frameworks */ = {isa = PBXBuildFile; fileRef = A5F9F2BA1560D1EA00208A65 /* CoreVideo.framework */; };
		A5F9F2BD1560D1F000208A65 /* AVFoundation.framework in Frameworks */ = {isa = PBXBuildFile; fileRef = A5F9F2BC1560D1F000208A65 /* AVFoundation.framework */; };
		A5F9F2BF1560D1FA00208A65 /* QuartzCore.framework in Frameworks */ = {isa = PBXBuildFile; fileRef = A5F9F2BE1560D1FA00208A65 /* QuartzCore.framework */; };
		A5F9F2D31560E5DB00208A65 /* GLKAttribute.m in Sources */ = {isa = PBXBuildFile; fileRef = A5F9F2CC1560E5DB00208A65 /* GLKAttribute.m */; };
		A5F9F2D41560E5DB00208A65 /* GLKProgram.m in Sources */ = {isa = PBXBuildFile; fileRef = A5F9F2CE1560E5DB00208A65 /* GLKProgram.m */; };
		A5F9F2D51560E5DB00208A65 /* GLKShaderVariable.m in Sources */ = {isa = PBXBuildFile; fileRef = A5F9F2D01560E5DB00208A65 /* GLKShaderVariable.m */; };
		A5F9F2D61560E5DB00208A65 /* GLKUniform.m in Sources */ = {isa = PBXBuildFile; fileRef = A5F9F2D21560E5DB00208A65 /* GLKUniform.m */; };
		A5F9F2DC1560F14400208A65 /* tile_floor.png in Resources */ = {isa = PBXBuildFile; fileRef = A5F9F2DB1560F14400208A65 /* tile_floor.png */; };
/* End PBXBuildFile section */

/* Begin PBXFileReference section */
		A5012532156B3BF3003E0283 /* CameraTargetView.h */ = {isa = PBXFileReference; fileEncoding = 4; lastKnownFileType = sourcecode.c.h; path = CameraTargetView.h; sourceTree = "<group>"; };
		A5012533156B3BF3003E0283 /* CameraTargetView.m */ = {isa = PBXFileReference; fileEncoding = 4; lastKnownFileType = sourcecode.c.objc; path = CameraTargetView.m; sourceTree = "<group>"; };
		A524E8FF1564B8F40082E8F5 /* test.png */ = {isa = PBXFileReference; lastKnownFileType = image.png; name = test.png; path = JPFliter/resource/test.png; sourceTree = "<group>"; };
		A56A6FF1156B77C7004688A8 /* test2.png */ = {isa = PBXFileReference; lastKnownFileType = image.png; name = test2.png; path = JPFliter/resource/test2.png; sourceTree = "<group>"; };
		A56A6FF3156B81E6004688A8 /* AlphaTestShader.glsl */ = {isa = PBXFileReference; fileEncoding = 4; lastKnownFileType = text; path = AlphaTestShader.glsl; sourceTree = "<group>"; };
		A5BAB8CC156F3CC800A2ED1D /* test3.png */ = {isa = PBXFileReference; lastKnownFileType = image.png; name = test3.png; path = JPFliter/resource/test3.png; sourceTree = "<group>"; };
		A5E20D56156627A200D03E63 /* JPFilteredCameraView.h */ = {isa = PBXFileReference; fileEncoding = 4; lastKnownFileType = sourcecode.c.h; path = JPFilteredCameraView.h; sourceTree = "<group>"; };
		A5E20D57156627A200D03E63 /* JPFilteredCameraView.m */ = {isa = PBXFileReference; fileEncoding = 4; lastKnownFileType = sourcecode.c.objc; path = JPFilteredCameraView.m; sourceTree = "<group>"; };
		A5E7E834156A17D900B17D3E /* DefaultFragmentShader.glsl */ = {isa = PBXFileReference; fileEncoding = 4; lastKnownFileType = text; path = DefaultFragmentShader.glsl; sourceTree = "<group>"; };
		A5E7E835156A17D900B17D3E /* DefaultVertexShader.glsl */ = {isa = PBXFileReference; fileEncoding = 4; lastKnownFileType = text; path = DefaultVertexShader.glsl; sourceTree = "<group>"; };
		A5E7E836156A17D900B17D3E /* DiscretizeShader.glsl */ = {isa = PBXFileReference; fileEncoding = 4; lastKnownFileType = text; path = DiscretizeShader.glsl; sourceTree = "<group>"; };
		A5E7E837156A17D900B17D3E /* HGaussianBlur.glsl */ = {isa = PBXFileReference; fileEncoding = 4; lastKnownFileType = text; path = HGaussianBlur.glsl; sourceTree = "<group>"; };
		A5E7E838156A17D900B17D3E /* LuminanceFragmentShader.glsl */ = {isa = PBXFileReference; fileEncoding = 4; lastKnownFileType = text; path = LuminanceFragmentShader.glsl; sourceTree = "<group>"; };
		A5E7E839156A17D900B17D3E /* PixelateShader.glsl */ = {isa = PBXFileReference; fileEncoding = 4; lastKnownFileType = text; path = PixelateShader.glsl; sourceTree = "<group>"; };
		A5E7E83A156A17D900B17D3E /* SuckShader.glsl */ = {isa = PBXFileReference; fileEncoding = 4; lastKnownFileType = text; path = SuckShader.glsl; sourceTree = "<group>"; };
		A5E7E83B156A17D900B17D3E /* VGaussianBlur.glsl */ = {isa = PBXFileReference; fileEncoding = 4; lastKnownFileType = text; path = VGaussianBlur.glsl; sourceTree = "<group>"; };
		A5E7E844156A474000B17D3E /* MosacShader.glsl */ = {isa = PBXFileReference; fileEncoding = 4; lastKnownFileType = text; path = MosacShader.glsl; sourceTree = "<group>"; };
		A5E7E846156A4BDA00B17D3E /* CSEEmBossShader.glsl */ = {isa = PBXFileReference; fileEncoding = 4; lastKnownFileType = text; path = CSEEmBossShader.glsl; sourceTree = "<group>"; };
		A5E7E848156A547900B17D3E /* PancelShader.glsl */ = {isa = PBXFileReference; fileEncoding = 4; lastKnownFileType = text; path = PancelShader.glsl; sourceTree = "<group>"; };
		A5F5D461156B67290097E650 /* MultiTextureShader.glsl */ = {isa = PBXFileReference; fileEncoding = 4; lastKnownFileType = text; path = MultiTextureShader.glsl; sourceTree = "<group>"; };
		A5F60C71156DD4CA00393FC2 /* ParticleSystem.h */ = {isa = PBXFileReference; fileEncoding = 4; lastKnownFileType = sourcecode.c.h; path = ParticleSystem.h; sourceTree = "<group>"; };
		A5F60C72156DD4CA00393FC2 /* ParticleSystem.m */ = {isa = PBXFileReference; fileEncoding = 4; lastKnownFileType = sourcecode.c.objc; path = ParticleSystem.m; sourceTree = "<group>"; };
		A5F60C75156DD4F400393FC2 /* Particle.h */ = {isa = PBXFileReference; fileEncoding = 4; lastKnownFileType = sourcecode.c.h; path = Particle.h; sourceTree = "<group>"; };
		A5F60C76156DD4F400393FC2 /* Particle.m */ = {isa = PBXFileReference; fileEncoding = 4; lastKnownFileType = sourcecode.c.objc; path = Particle.m; sourceTree = "<group>"; };
		A5F60CAC156DE30200393FC2 /* TestShader.glsl */ = {isa = PBXFileReference; fileEncoding = 4; lastKnownFileType = text; path = TestShader.glsl; sourceTree = "<group>"; };
		A5F60CC4156DFDA900393FC2 /* TortuosityShader.glsl */ = {isa = PBXFileReference; fileEncoding = 4; lastKnownFileType = text; path = TortuosityShader.glsl; sourceTree = "<group>"; };
		A5F60CC6156DFED300393FC2 /* Sepia_toneShader.glsl */ = {isa = PBXFileReference; fileEncoding = 4; lastKnownFileType = text; path = Sepia_toneShader.glsl; sourceTree = "<group>"; };
		A5F60CC8156DFEF900393FC2 /* ShowcaseShader.glsl */ = {isa = PBXFileReference; fileEncoding = 4; lastKnownFileType = text; path = ShowcaseShader.glsl; sourceTree = "<group>"; };
		A5F9F28F1560D13A00208A65 /* JPFliter.app */ = {isa = PBXFileReference; explicitFileType = wrapper.application; includeInIndex = 0; path = JPFliter.app; sourceTree = BUILT_PRODUCTS_DIR; };
		A5F9F2931560D13A00208A65 /* UIKit.framework */ = {isa = PBXFileReference; lastKnownFileType = wrapper.framework; name = UIKit.framework; path = System/Library/Frameworks/UIKit.framework; sourceTree = SDKROOT; };
		A5F9F2951560D13A00208A65 /* Foundation.framework */ = {isa = PBXFileReference; lastKnownFileType = wrapper.framework; name = Foundation.framework; path = System/Library/Frameworks/Foundation.framework; sourceTree = SDKROOT; };
		A5F9F2971560D13A00208A65 /* CoreGraphics.framework */ = {isa = PBXFileReference; lastKnownFileType = wrapper.framework; name = CoreGraphics.framework; path = System/Library/Frameworks/CoreGraphics.framework; sourceTree = SDKROOT; };
		A5F9F29B1560D13A00208A65 /* JPFliter-Info.plist */ = {isa = PBXFileReference; lastKnownFileType = text.plist.xml; path = "JPFliter-Info.plist"; sourceTree = "<group>"; };
		A5F9F29D1560D13A00208A65 /* en */ = {isa = PBXFileReference; lastKnownFileType = text.plist.strings; name = en; path = en.lproj/InfoPlist.strings; sourceTree = "<group>"; };
		A5F9F29F1560D13A00208A65 /* main.m */ = {isa = PBXFileReference; lastKnownFileType = sourcecode.c.objc; path = main.m; sourceTree = "<group>"; };
		A5F9F2A11560D13A00208A65 /* JPFliter-Prefix.pch */ = {isa = PBXFileReference; lastKnownFileType = sourcecode.c.h; path = "JPFliter-Prefix.pch"; sourceTree = "<group>"; };
		A5F9F2A21560D13A00208A65 /* AppDelegate.h */ = {isa = PBXFileReference; lastKnownFileType = sourcecode.c.h; path = AppDelegate.h; sourceTree = "<group>"; };
		A5F9F2A31560D13A00208A65 /* AppDelegate.m */ = {isa = PBXFileReference; lastKnownFileType = sourcecode.c.objc; path = AppDelegate.m; sourceTree = "<group>"; };
		A5F9F2A51560D13A00208A65 /* ViewController.h */ = {isa = PBXFileReference; lastKnownFileType = sourcecode.c.h; path = ViewController.h; sourceTree = "<group>"; };
		A5F9F2A61560D13A00208A65 /* ViewController.m */ = {isa = PBXFileReference; lastKnownFileType = sourcecode.c.objc; path = ViewController.m; sourceTree = "<group>"; };
		A5F9F2A91560D13A00208A65 /* en */ = {isa = PBXFileReference; lastKnownFileType = file.xib; name = en; path = en.lproj/ViewController.xib; sourceTree = "<group>"; };
		A5F9F2B11560D19E00208A65 /* JPFilteredView.h */ = {isa = PBXFileReference; fileEncoding = 4; lastKnownFileType = sourcecode.c.h; path = JPFilteredView.h; sourceTree = "<group>"; };
		A5F9F2B21560D19E00208A65 /* JPFilteredView.m */ = {isa = PBXFileReference; fileEncoding = 4; lastKnownFileType = sourcecode.c.objc; path = JPFilteredView.m; sourceTree = "<group>"; };
		A5F9F2B41560D1D900208A65 /* GLKit.framework */ = {isa = PBXFileReference; lastKnownFileType = wrapper.framework; name = GLKit.framework; path = System/Library/Frameworks/GLKit.framework; sourceTree = SDKROOT; };
		A5F9F2B51560D1D900208A65 /* OpenGLES.framework */ = {isa = PBXFileReference; lastKnownFileType = wrapper.framework; name = OpenGLES.framework; path = System/Library/Frameworks/OpenGLES.framework; sourceTree = SDKROOT; };
		A5F9F2B81560D1E100208A65 /* CoreMedia.framework */ = {isa = PBXFileReference; lastKnownFileType = wrapper.framework; name = CoreMedia.framework; path = System/Library/Frameworks/CoreMedia.framework; sourceTree = SDKROOT; };
		A5F9F2BA1560D1EA00208A65 /* CoreVideo.framework */ = {isa = PBXFileReference; lastKnownFileType = wrapper.framework; name = CoreVideo.framework; path = System/Library/Frameworks/CoreVideo.framework; sourceTree = SDKROOT; };
		A5F9F2BC1560D1F000208A65 /* AVFoundation.framework */ = {isa = PBXFileReference; lastKnownFileType = wrapper.framework; name = AVFoundation.framework; path = System/Library/Frameworks/AVFoundation.framework; sourceTree = SDKROOT; };
		A5F9F2BE1560D1FA00208A65 /* QuartzCore.framework */ = {isa = PBXFileReference; lastKnownFileType = wrapper.framework; name = QuartzCore.framework; path = System/Library/Frameworks/QuartzCore.framework; sourceTree = SDKROOT; };
		A5F9F2CB1560E5DB00208A65 /* GLKAttribute.h */ = {isa = PBXFileReference; fileEncoding = 4; lastKnownFileType = sourcecode.c.h; path = GLKAttribute.h; sourceTree = "<group>"; };
		A5F9F2CC1560E5DB00208A65 /* GLKAttribute.m */ = {isa = PBXFileReference; fileEncoding = 4; lastKnownFileType = sourcecode.c.objc; path = GLKAttribute.m; sourceTree = "<group>"; };
		A5F9F2CD1560E5DB00208A65 /* GLKProgram.h */ = {isa = PBXFileReference; fileEncoding = 4; lastKnownFileType = sourcecode.c.h; path = GLKProgram.h; sourceTree = "<group>"; };
		A5F9F2CE1560E5DB00208A65 /* GLKProgram.m */ = {isa = PBXFileReference; fileEncoding = 4; lastKnownFileType = sourcecode.c.objc; path = GLKProgram.m; sourceTree = "<group>"; };
		A5F9F2CF1560E5DB00208A65 /* GLKShaderVariable.h */ = {isa = PBXFileReference; fileEncoding = 4; lastKnownFileType = sourcecode.c.h; path = GLKShaderVariable.h; sourceTree = "<group>"; };
		A5F9F2D01560E5DB00208A65 /* GLKShaderVariable.m */ = {isa = PBXFileReference; fileEncoding = 4; lastKnownFileType = sourcecode.c.objc; path = GLKShaderVariable.m; sourceTree = "<group>"; };
		A5F9F2D11560E5DB00208A65 /* GLKUniform.h */ = {isa = PBXFileReference; fileEncoding = 4; lastKnownFileType = sourcecode.c.h; path = GLKUniform.h; sourceTree = "<group>"; };
		A5F9F2D21560E5DB00208A65 /* GLKUniform.m */ = {isa = PBXFileReference; fileEncoding = 4; lastKnownFileType = sourcecode.c.objc; path = GLKUniform.m; sourceTree = "<group>"; };
		A5F9F2DB1560F14400208A65 /* tile_floor.png */ = {isa = PBXFileReference; lastKnownFileType = image.png; name = tile_floor.png; path = JPFliter/resource/tile_floor.png; sourceTree = "<group>"; };
/* End PBXFileReference section */

/* Begin PBXFrameworksBuildPhase section */
		A5F9F28C1560D13A00208A65 /* Frameworks */ = {
			isa = PBXFrameworksBuildPhase;
			buildActionMask = 2147483647;
			files = (
				A5F9F2BF1560D1FA00208A65 /* QuartzCore.framework in Frameworks */,
				A5F9F2BD1560D1F000208A65 /* AVFoundation.framework in Frameworks */,
				A5F9F2BB1560D1EA00208A65 /* CoreVideo.framework in Frameworks */,
				A5F9F2B91560D1E100208A65 /* CoreMedia.framework in Frameworks */,
				A5F9F2B61560D1D900208A65 /* GLKit.framework in Frameworks */,
				A5F9F2B71560D1D900208A65 /* OpenGLES.framework in Frameworks */,
				A5F9F2941560D13A00208A65 /* UIKit.framework in Frameworks */,
				A5F9F2961560D13A00208A65 /* Foundation.framework in Frameworks */,
				A5F9F2981560D13A00208A65 /* CoreGraphics.framework in Frameworks */,
			);
			runOnlyForDeploymentPostprocessing = 0;
		};
/* End PBXFrameworksBuildPhase section */

/* Begin PBXGroup section */
		A5E7E833156A17D900B17D3E /* Shaders */ = {
			isa = PBXGroup;
			children = (
				A5E7E834156A17D900B17D3E /* DefaultFragmentShader.glsl */,
				A5E7E835156A17D900B17D3E /* DefaultVertexShader.glsl */,
				A5E7E836156A17D900B17D3E /* DiscretizeShader.glsl */,
				A5E7E837156A17D900B17D3E /* HGaussianBlur.glsl */,
				A5E7E838156A17D900B17D3E /* LuminanceFragmentShader.glsl */,
				A5E7E839156A17D900B17D3E /* PixelateShader.glsl */,
				A5E7E83A156A17D900B17D3E /* SuckShader.glsl */,
				A5E7E83B156A17D900B17D3E /* VGaussianBlur.glsl */,
				A5E7E844156A474000B17D3E /* MosacShader.glsl */,
				A5E7E846156A4BDA00B17D3E /* CSEEmBossShader.glsl */,
				A5E7E848156A547900B17D3E /* PancelShader.glsl */,
				A5F5D461156B67290097E650 /* MultiTextureShader.glsl */,
				A56A6FF3156B81E6004688A8 /* AlphaTestShader.glsl */,
				A5F60CAC156DE30200393FC2 /* TestShader.glsl */,
				A5F60CC4156DFDA900393FC2 /* TortuosityShader.glsl */,
				A5F60CC6156DFED300393FC2 /* Sepia_toneShader.glsl */,
				A5F60CC8156DFEF900393FC2 /* ShowcaseShader.glsl */,
			);
			path = Shaders;
			sourceTree = "<group>";
		};
		A5F9F2841560D13A00208A65 = {
			isa = PBXGroup;
			children = (
				A5F9F2BE1560D1FA00208A65 /* QuartzCore.framework */,
				A5F9F2BC1560D1F000208A65 /* AVFoundation.framework */,
				A5F9F2BA1560D1EA00208A65 /* CoreVideo.framework */,
				A5F9F2B81560D1E100208A65 /* CoreMedia.framework */,
				A5F9F2B41560D1D900208A65 /* GLKit.framework */,
				A5F9F2B51560D1D900208A65 /* OpenGLES.framework */,
				A5F9F2991560D13A00208A65 /* JPFliter */,
				A5F9F2C01560E34E00208A65 /* Resource */,
				A5F9F2921560D13A00208A65 /* Frameworks */,
				A5F9F2901560D13A00208A65 /* Products */,
			);
			sourceTree = "<group>";
		};
		A5F9F2901560D13A00208A65 /* Products */ = {
			isa = PBXGroup;
			children = (
				A5F9F28F1560D13A00208A65 /* JPFliter.app */,
			);
			name = Products;
			sourceTree = "<group>";
		};
		A5F9F2921560D13A00208A65 /* Frameworks */ = {
			isa = PBXGroup;
			children = (
				A5F9F2931560D13A00208A65 /* UIKit.framework */,
				A5F9F2951560D13A00208A65 /* Foundation.framework */,
				A5F9F2971560D13A00208A65 /* CoreGraphics.framework */,
			);
			name = Frameworks;
			sourceTree = "<group>";
		};
		A5F9F2991560D13A00208A65 /* JPFliter */ = {
			isa = PBXGroup;
			children = (
				A5F9F2CA1560E5DB00208A65 /* GLKitAdditions */,
				A5F9F2B01560D16700208A65 /* GLFilters */,
				A5F9F2A21560D13A00208A65 /* AppDelegate.h */,
				A5F9F2A31560D13A00208A65 /* AppDelegate.m */,
				A5F9F2A51560D13A00208A65 /* ViewController.h */,
				A5F9F2A61560D13A00208A65 /* ViewController.m */,
				A5F9F2A81560D13A00208A65 /* ViewController.xib */,
				A5F9F29A1560D13A00208A65 /* Supporting Files */,
			);
			path = JPFliter;
			sourceTree = "<group>";
		};
		A5F9F29A1560D13A00208A65 /* Supporting Files */ = {
			isa = PBXGroup;
			children = (
				A5E7E833156A17D900B17D3E /* Shaders */,
				A5F9F29B1560D13A00208A65 /* JPFliter-Info.plist */,
				A5F9F29C1560D13A00208A65 /* InfoPlist.strings */,
				A5F9F29F1560D13A00208A65 /* main.m */,
				A5F9F2A11560D13A00208A65 /* JPFliter-Prefix.pch */,
			);
			name = "Supporting Files";
			sourceTree = "<group>";
		};
		A5F9F2B01560D16700208A65 /* GLFilters */ = {
			isa = PBXGroup;
			children = (
				A5012532156B3BF3003E0283 /* CameraTargetView.h */,
				A5012533156B3BF3003E0283 /* CameraTargetView.m */,
				A5F9F2B11560D19E00208A65 /* JPFilteredView.h */,
				A5F9F2B21560D19E00208A65 /* JPFilteredView.m */,
				A5E20D56156627A200D03E63 /* JPFilteredCameraView.h */,
				A5E20D57156627A200D03E63 /* JPFilteredCameraView.m */,
				A5F60C71156DD4CA00393FC2 /* ParticleSystem.h */,
				A5F60C72156DD4CA00393FC2 /* ParticleSystem.m */,
				A5F60C75156DD4F400393FC2 /* Particle.h */,
				A5F60C76156DD4F400393FC2 /* Particle.m */,
			);
			name = GLFilters;
			sourceTree = "<group>";
		};
		A5F9F2C01560E34E00208A65 /* Resource */ = {
			isa = PBXGroup;
			children = (
				A5BAB8CC156F3CC800A2ED1D /* test3.png */,
				A56A6FF1156B77C7004688A8 /* test2.png */,
				A524E8FF1564B8F40082E8F5 /* test.png */,
				A5F9F2DB1560F14400208A65 /* tile_floor.png */,
			);
			name = Resource;
			sourceTree = "<group>";
		};
		A5F9F2CA1560E5DB00208A65 /* GLKitAdditions */ = {
			isa = PBXGroup;
			children = (
				A5F9F2CB1560E5DB00208A65 /* GLKAttribute.h */,
				A5F9F2CC1560E5DB00208A65 /* GLKAttribute.m */,
				A5F9F2CD1560E5DB00208A65 /* GLKProgram.h */,
				A5F9F2CE1560E5DB00208A65 /* GLKProgram.m */,
				A5F9F2CF1560E5DB00208A65 /* GLKShaderVariable.h */,
				A5F9F2D01560E5DB00208A65 /* GLKShaderVariable.m */,
				A5F9F2D11560E5DB00208A65 /* GLKUniform.h */,
				A5F9F2D21560E5DB00208A65 /* GLKUniform.m */,
			);
			path = GLKitAdditions;
			sourceTree = "<group>";
		};
/* End PBXGroup section */

/* Begin PBXNativeTarget section */
		A5F9F28E1560D13A00208A65 /* JPFliter */ = {
			isa = PBXNativeTarget;
			buildConfigurationList = A5F9F2AD1560D13A00208A65 /* Build configuration list for PBXNativeTarget "JPFliter" */;
			buildPhases = (
				A5F9F28B1560D13A00208A65 /* Sources */,
				A5F9F28C1560D13A00208A65 /* Frameworks */,
				A5F9F28D1560D13A00208A65 /* Resources */,
			);
			buildRules = (
			);
			dependencies = (
			);
			name = JPFliter;
			productName = JPFliter;
			productReference = A5F9F28F1560D13A00208A65 /* JPFliter.app */;
			productType = "com.apple.product-type.application";
		};
/* End PBXNativeTarget section */

/* Begin PBXProject section */
		A5F9F2861560D13A00208A65 /* Project object */ = {
			isa = PBXProject;
			attributes = {
				LastUpgradeCheck = 0430;
			};
			buildConfigurationList = A5F9F2891560D13A00208A65 /* Build configuration list for PBXProject "JPFliter" */;
			compatibilityVersion = "Xcode 3.2";
			developmentRegion = English;
			hasScannedForEncodings = 0;
			knownRegions = (
				en,
			);
			mainGroup = A5F9F2841560D13A00208A65;
			productRefGroup = A5F9F2901560D13A00208A65 /* Products */;
			projectDirPath = "";
			projectRoot = "";
			targets = (
				A5F9F28E1560D13A00208A65 /* JPFliter */,
			);
		};
/* End PBXProject section */

/* Begin PBXResourcesBuildPhase section */
		A5F9F28D1560D13A00208A65 /* Resources */ = {
			isa = PBXResourcesBuildPhase;
			buildActionMask = 2147483647;
			files = (
				A5F9F29E1560D13A00208A65 /* InfoPlist.strings in Resources */,
				A5F9F2AA1560D13A00208A65 /* ViewController.xib in Resources */,
				A5F9F2DC1560F14400208A65 /* tile_floor.png in Resources */,
				A524E9001564B8F50082E8F5 /* test.png in Resources */,
				A5E7E83C156A17D900B17D3E /* DefaultFragmentShader.glsl in Resources */,
				A5E7E83D156A17D900B17D3E /* DefaultVertexShader.glsl in Resources */,
				A5E7E83E156A17D900B17D3E /* DiscretizeShader.glsl in Resources */,
				A5E7E83F156A17D900B17D3E /* HGaussianBlur.glsl in Resources */,
				A5E7E840156A17D900B17D3E /* LuminanceFragmentShader.glsl in Resources */,
				A5E7E841156A17D900B17D3E /* PixelateShader.glsl in Resources */,
				A5E7E842156A17D900B17D3E /* SuckShader.glsl in Resources */,
				A5E7E843156A17D900B17D3E /* VGaussianBlur.glsl in Resources */,
				A5E7E845156A474000B17D3E /* MosacShader.glsl in Resources */,
				A5E7E847156A4BDA00B17D3E /* CSEEmBossShader.glsl in Resources */,
				A5E7E849156A547900B17D3E /* PancelShader.glsl in Resources */,
				A5F5D462156B67290097E650 /* MultiTextureShader.glsl in Resources */,
				A56A6FF2156B77C7004688A8 /* test2.png in Resources */,
				A56A6FF4156B81E6004688A8 /* AlphaTestShader.glsl in Resources */,
				A5F60CAD156DE30200393FC2 /* TestShader.glsl in Resources */,
				A5F60CC5156DFDA900393FC2 /* TortuosityShader.glsl in Resources */,
				A5F60CC7156DFED300393FC2 /* Sepia_toneShader.glsl in Resources */,
				A5F60CC9156DFEF900393FC2 /* ShowcaseShader.glsl in Resources */,
				A5BAB8CD156F3CC800A2ED1D /* test3.png in Resources */,
			);
			runOnlyForDeploymentPostprocessing = 0;
		};
/* End PBXResourcesBuildPhase section */

/* Begin PBXSourcesBuildPhase section */
		A5F9F28B1560D13A00208A65 /* Sources */ = {
			isa = PBXSourcesBuildPhase;
			buildActionMask = 2147483647;
			files = (
				A5F9F2A01560D13A00208A65 /* main.m in Sources */,
				A5F9F2A41560D13A00208A65 /* AppDelegate.m in Sources */,
				A5F9F2A71560D13A00208A65 /* ViewController.m in Sources */,
				A5F9F2B31560D19E00208A65 /* JPFilteredView.m in Sources */,
				A5F9F2D31560E5DB00208A65 /* GLKAttribute.m in Sources */,
				A5F9F2D41560E5DB00208A65 /* GLKProgram.m in Sources */,
				A5F9F2D51560E5DB00208A65 /* GLKShaderVariable.m in Sources */,
				A5F9F2D61560E5DB00208A65 /* GLKUniform.m in Sources */,
				A5E20D58156627A200D03E63 /* JPFilteredCameraView.m in Sources */,
				A5012534156B3BF3003E0283 /* CameraTargetView.m in Sources */,
				A5F60C73156DD4CA00393FC2 /* ParticleSystem.m in Sources */,
				A5F60C77156DD4F400393FC2 /* Particle.m in Sources */,
			);
			runOnlyForDeploymentPostprocessing = 0;
		};
/* End PBXSourcesBuildPhase section */

/* Begin PBXVariantGroup section */
		A5F9F29C1560D13A00208A65 /* InfoPlist.strings */ = {
			isa = PBXVariantGroup;
			children = (
				A5F9F29D1560D13A00208A65 /* en */,
			);
			name = InfoPlist.strings;
			sourceTree = "<group>";
		};
		A5F9F2A81560D13A00208A65 /* ViewController.xib */ = {
			isa = PBXVariantGroup;
			children = (
				A5F9F2A91560D13A00208A65 /* en */,
			);
			name = ViewController.xib;
			sourceTree = "<group>";
		};
/* End PBXVariantGroup section */

/* Begin XCBuildConfiguration section */
		A5F9F2AB1560D13A00208A65 /* Debug */ = {
			isa = XCBuildConfiguration;
			buildSettings = {
				ALWAYS_SEARCH_USER_PATHS = NO;
				ARCHS = "$(ARCHS_STANDARD_32_BIT)";
				"CODE_SIGN_IDENTITY[sdk=iphoneos*]" = "iPhone Developer";
				COPY_PHASE_STRIP = NO;
				GCC_C_LANGUAGE_STANDARD = gnu99;
				GCC_DYNAMIC_NO_PIC = NO;
				GCC_OPTIMIZATION_LEVEL = 0;
				GCC_PREPROCESSOR_DEFINITIONS = (
					"DEBUG=1",
					"$(inherited)",
				);
				GCC_SYMBOLS_PRIVATE_EXTERN = NO;
				GCC_VERSION = com.apple.compilers.llvm.clang.1_0;
				GCC_WARN_ABOUT_RETURN_TYPE = YES;
				GCC_WARN_UNINITIALIZED_AUTOS = YES;
				GCC_WARN_UNUSED_VARIABLE = YES;
				IPHONEOS_DEPLOYMENT_TARGET = 5.1;
				SDKROOT = iphoneos;
			};
			name = Debug;
		};
		A5F9F2AC1560D13A00208A65 /* Release */ = {
			isa = XCBuildConfiguration;
			buildSettings = {
				ALWAYS_SEARCH_USER_PATHS = NO;
				ARCHS = "$(ARCHS_STANDARD_32_BIT)";
				"CODE_SIGN_IDENTITY[sdk=iphoneos*]" = "iPhone Developer";
				COPY_PHASE_STRIP = YES;
				GCC_C_LANGUAGE_STANDARD = gnu99;
				GCC_VERSION = com.apple.compilers.llvm.clang.1_0;
				GCC_WARN_ABOUT_RETURN_TYPE = YES;
				GCC_WARN_UNINITIALIZED_AUTOS = YES;
				GCC_WARN_UNUSED_VARIABLE = YES;
				IPHONEOS_DEPLOYMENT_TARGET = 5.1;
				OTHER_CFLAGS = "-DNS_BLOCK_ASSERTIONS=1";
				SDKROOT = iphoneos;
				VALIDATE_PRODUCT = YES;
			};
			name = Release;
		};
		A5F9F2AE1560D13A00208A65 /* Debug */ = {
			isa = XCBuildConfiguration;
			buildSettings = {
				"CODE_SIGN_IDENTITY[sdk=iphoneos*]" = "iPhone Developer: zhuang you (84G5DN59YE)";
				GCC_PRECOMPILE_PREFIX_HEADER = YES;
				GCC_PREFIX_HEADER = "JPFliter/JPFliter-Prefix.pch";
				INFOPLIST_FILE = "JPFliter/JPFliter-Info.plist";
				IPHONEOS_DEPLOYMENT_TARGET = 4.0;
				PRODUCT_NAME = "$(TARGET_NAME)";
				"PROVISIONING_PROFILE[sdk=iphoneos*]" = "9E58E08D-FEFA-4BC7-A33F-1664EE125DB0";
				WRAPPER_EXTENSION = app;
			};
			name = Debug;
		};
		A5F9F2AF1560D13A00208A65 /* Release */ = {
			isa = XCBuildConfiguration;
			buildSettings = {
				GCC_PRECOMPILE_PREFIX_HEADER = YES;
				GCC_PREFIX_HEADER = "JPFliter/JPFliter-Prefix.pch";
				INFOPLIST_FILE = "JPFliter/JPFliter-Info.plist";
				IPHONEOS_DEPLOYMENT_TARGET = 4.0;
				PRODUCT_NAME = "$(TARGET_NAME)";
				WRAPPER_EXTENSION = app;
			};
			name = Release;
		};
/* End XCBuildConfiguration section */

/* Begin XCConfigurationList section */
		A5F9F2891560D13A00208A65 /* Build configuration list for PBXProject "JPFliter" */ = {
			isa = XCConfigurationList;
			buildConfigurations = (
				A5F9F2AB1560D13A00208A65 /* Debug */,
				A5F9F2AC1560D13A00208A65 /* Release */,
			);
			defaultConfigurationIsVisible = 0;
			defaultConfigurationName = Release;
		};
		A5F9F2AD1560D13A00208A65 /* Build configuration list for PBXNativeTarget "JPFliter" */ = {
			isa = XCConfigurationList;
			buildConfigurations = (
				A5F9F2AE1560D13A00208A65 /* Debug */,
				A5F9F2AF1560D13A00208A65 /* Release */,
			);
			defaultConfigurationIsVisible = 0;
			defaultConfigurationName = Release;
		};
/* End XCConfigurationList section */
	};
	rootObject = A5F9F2861560D13A00208A65 /* Project object */;
}
